
Microsoft Visual Studio Solution File, Format Version 12.00
# Visual Studio Version 17
VisualStudioVersion = 17.0.31912.275
MinimumVisualStudioVersion = 10.0.40219.1
Project("{9A19103F-16F7-4668-BE54-9A1E7A4F7556}") = "Strict.Language", "Strict.Language\Strict.Language.csproj", "{2DD53620-C448-4B1C-8662-E1B5236A57A0}"
EndProject
Project("{9A19103F-16F7-4668-BE54-9A1E7A4F7556}") = "Strict.Language.Tests", "Strict.Language.Tests\Strict.Language.Tests.csproj", "{CF19B013-1BEE-4691-8F7F-B669C7A288EF}"
EndProject
Project("{2150E333-8FDC-42A3-9474-1A3956D46DE8}") = "Solution Items", "Solution Items", "{70C095D7-2B78-4174-9B4C-190331C15BE0}"
	ProjectSection(SolutionItems) = preProject
		.editorconfig = .editorconfig
		.gitattributes = .gitattributes
		.gitignore = .gitignore
		README.md = README.md
		Strict.ndproj = Strict.ndproj
		Strict.sln.DotSettings = Strict.sln.DotSettings
		Strict.v3.ncrunchsolution = Strict.v3.ncrunchsolution
	EndProjectSection
EndProject
Project("{9A19103F-16F7-4668-BE54-9A1E7A4F7556}") = "Strict.Compiler", "Strict.Compiler\Strict.Compiler.csproj", "{D9E14E41-8F3C-4B92-B773-227871A96F96}"
EndProject
Project("{9A19103F-16F7-4668-BE54-9A1E7A4F7556}") = "Strict.Compiler.Roslyn", "Strict.Compiler.Roslyn\Strict.Compiler.Roslyn.csproj", "{00DC0E82-9C6A-45D2-A292-EFD3900FC96C}"
EndProject
Project("{9A19103F-16F7-4668-BE54-9A1E7A4F7556}") = "Strict.Compiler.Tests", "Strict.Compiler.Tests\Strict.Compiler.Tests.csproj", "{E80EB301-EAC7-47ED-801C-DA4D775F7D6F}"
EndProject
Project("{2150E333-8FDC-42A3-9474-1A3956D46DE8}") = "Base", "Base", "{85AB8A69-69E3-4EF7-A7EC-26C793CB0610}"
	ProjectSection(SolutionItems) = preProject
		Base\Any.strict = Base\Any.strict
		Base\App.strict = Base\App.strict
		Base\BinaryOperator.strict = Base\BinaryOperator.strict
		Base\Boolean.strict = Base\Boolean.strict
		Base\Character.strict = Base\Character.strict
		Base\Count.strict = Base\Count.strict
		Base\Directory.strict = Base\Directory.strict
		Base\Error.strict = Base\Error.strict
		Base\File.strict = Base\File.strict
		Base\Generic.strict = Base\Generic.strict
		Base\HashCode.strict = Base\HashCode.strict
		Base\Input.strict = Base\Input.strict
		Base\List.strict = Base\List.strict
		Base\Log.strict = Base\Log.strict
		Base\Method.strict = Base\Method.strict
		Base\Mutable.strict = Base\Mutable.strict
		Base\Number.strict = Base\Number.strict
		Base\Output.strict = Base\Output.strict
		Base\Stacktrace.strict = Base\Stacktrace.strict
		Base\System.strict = Base\System.strict
		Base\Text.strict = Base\Text.strict
		Base\Type.strict = Base\Type.strict
		Base\UnaryOperator.strict = Base\UnaryOperator.strict
	EndProjectSection
EndProject
Project("{9A19103F-16F7-4668-BE54-9A1E7A4F7556}") = "Strict.Language.Expressions", "Strict.Language.Expressions\Strict.Language.Expressions.csproj", "{392902F7-F537-4384-920C-7BAE554A05B6}"
EndProject
Project("{9A19103F-16F7-4668-BE54-9A1E7A4F7556}") = "Strict.Language.Expressions.Tests", "Strict.Language.Expressions.Tests\Strict.Language.Expressions.Tests.csproj", "{2BE244F7-6429-47E9-890D-86F0B915A77C}"
EndProject
Project("{9A19103F-16F7-4668-BE54-9A1E7A4F7556}") = "Strict.Compiler.Cuda", "Strict.Compiler.Cuda\Strict.Compiler.Cuda.csproj", "{91923749-602B-4E43-9291-EB01C74385D1}"
EndProject
Project("{9A19103F-16F7-4668-BE54-9A1E7A4F7556}") = "Strict.Compiler.Cuda.Tests", "Strict.Compiler.Cuda.Tests\Strict.Compiler.Cuda.Tests.csproj", "{BB69FB3C-BFAD-42F1-BA4B-88A9C720A815}"
EndProject
Project("{2150E333-8FDC-42A3-9474-1A3956D46DE8}") = "Grammar", "Grammar", "{B3D76072-982F-4166-A87F-A1D6A2B67D85}"
	ProjectSection(SolutionItems) = preProject
		Grammar\language-configuration.json = Grammar\language-configuration.json
		Grammar\README.md = Grammar\README.md
		Grammar\Strict.ebnf = Grammar\Strict.ebnf
		Grammar\strict.iro = Grammar\strict.iro
	EndProjectSection
EndProject
Project("{2150E333-8FDC-42A3-9474-1A3956D46DE8}") = "Examples", "Examples", "{08C640D3-D0C7-4D04-8B96-EF6C92DA3C13}"
	ProjectSection(SolutionItems) = preProject
		Examples\ConvertingNumbers.strict = Examples\ConvertingNumbers.strict
		Examples\FindFirstNonConsecutiveNumber.strict = Examples\FindFirstNonConsecutiveNumber.strict
		Examples\FindNumberCount.strict = Examples\FindNumberCount.strict
	EndProjectSection
EndProject
Project("{9A19103F-16F7-4668-BE54-9A1E7A4F7556}") = "Strict.Grammar.Tests", "Strict.Grammar.Tests\Strict.Grammar.Tests.csproj", "{D5C4A512-DDBE-4460-AFE9-25C510405F9D}"
EndProject
Global
	GlobalSection(SolutionConfigurationPlatforms) = preSolution
		Debug|Any CPU = Debug|Any CPU
		Release|Any CPU = Release|Any CPU
	EndGlobalSection
	GlobalSection(ProjectConfigurationPlatforms) = postSolution
		{2DD53620-C448-4B1C-8662-E1B5236A57A0}.Debug|Any CPU.ActiveCfg = Debug|Any CPU
		{2DD53620-C448-4B1C-8662-E1B5236A57A0}.Debug|Any CPU.Build.0 = Debug|Any CPU
		{2DD53620-C448-4B1C-8662-E1B5236A57A0}.Release|Any CPU.ActiveCfg = Release|Any CPU
		{2DD53620-C448-4B1C-8662-E1B5236A57A0}.Release|Any CPU.Build.0 = Release|Any CPU
		{CF19B013-1BEE-4691-8F7F-B669C7A288EF}.Debug|Any CPU.ActiveCfg = Debug|Any CPU
		{CF19B013-1BEE-4691-8F7F-B669C7A288EF}.Debug|Any CPU.Build.0 = Debug|Any CPU
		{CF19B013-1BEE-4691-8F7F-B669C7A288EF}.Release|Any CPU.ActiveCfg = Release|Any CPU
		{CF19B013-1BEE-4691-8F7F-B669C7A288EF}.Release|Any CPU.Build.0 = Release|Any CPU
		{D9E14E41-8F3C-4B92-B773-227871A96F96}.Debug|Any CPU.ActiveCfg = Debug|Any CPU
		{D9E14E41-8F3C-4B92-B773-227871A96F96}.Debug|Any CPU.Build.0 = Debug|Any CPU
		{D9E14E41-8F3C-4B92-B773-227871A96F96}.Release|Any CPU.ActiveCfg = Release|Any CPU
		{D9E14E41-8F3C-4B92-B773-227871A96F96}.Release|Any CPU.Build.0 = Release|Any CPU
		{00DC0E82-9C6A-45D2-A292-EFD3900FC96C}.Debug|Any CPU.ActiveCfg = Debug|Any CPU
		{00DC0E82-9C6A-45D2-A292-EFD3900FC96C}.Debug|Any CPU.Build.0 = Debug|Any CPU
		{00DC0E82-9C6A-45D2-A292-EFD3900FC96C}.Release|Any CPU.ActiveCfg = Release|Any CPU
		{00DC0E82-9C6A-45D2-A292-EFD3900FC96C}.Release|Any CPU.Build.0 = Release|Any CPU
		{E80EB301-EAC7-47ED-801C-DA4D775F7D6F}.Debug|Any CPU.ActiveCfg = Debug|Any CPU
		{E80EB301-EAC7-47ED-801C-DA4D775F7D6F}.Debug|Any CPU.Build.0 = Debug|Any CPU
		{E80EB301-EAC7-47ED-801C-DA4D775F7D6F}.Release|Any CPU.ActiveCfg = Release|Any CPU
		{E80EB301-EAC7-47ED-801C-DA4D775F7D6F}.Release|Any CPU.Build.0 = Release|Any CPU
		{392902F7-F537-4384-920C-7BAE554A05B6}.Debug|Any CPU.ActiveCfg = Debug|Any CPU
		{392902F7-F537-4384-920C-7BAE554A05B6}.Debug|Any CPU.Build.0 = Debug|Any CPU
		{392902F7-F537-4384-920C-7BAE554A05B6}.Release|Any CPU.ActiveCfg = Release|Any CPU
		{392902F7-F537-4384-920C-7BAE554A05B6}.Release|Any CPU.Build.0 = Release|Any CPU
		{2BE244F7-6429-47E9-890D-86F0B915A77C}.Debug|Any CPU.ActiveCfg = Debug|Any CPU
		{2BE244F7-6429-47E9-890D-86F0B915A77C}.Debug|Any CPU.Build.0 = Debug|Any CPU
		{2BE244F7-6429-47E9-890D-86F0B915A77C}.Release|Any CPU.ActiveCfg = Release|Any CPU
		{2BE244F7-6429-47E9-890D-86F0B915A77C}.Release|Any CPU.Build.0 = Release|Any CPU
		{91923749-602B-4E43-9291-EB01C74385D1}.Debug|Any CPU.ActiveCfg = Debug|Any CPU
		{91923749-602B-4E43-9291-EB01C74385D1}.Debug|Any CPU.Build.0 = Debug|Any CPU
		{91923749-602B-4E43-9291-EB01C74385D1}.Release|Any CPU.ActiveCfg = Release|Any CPU
		{91923749-602B-4E43-9291-EB01C74385D1}.Release|Any CPU.Build.0 = Release|Any CPU
		{BB69FB3C-BFAD-42F1-BA4B-88A9C720A815}.Debug|Any CPU.ActiveCfg = Debug|Any CPU
		{BB69FB3C-BFAD-42F1-BA4B-88A9C720A815}.Debug|Any CPU.Build.0 = Debug|Any CPU
		{BB69FB3C-BFAD-42F1-BA4B-88A9C720A815}.Release|Any CPU.ActiveCfg = Release|Any CPU
		{BB69FB3C-BFAD-42F1-BA4B-88A9C720A815}.Release|Any CPU.Build.0 = Release|Any CPU
		{D5C4A512-DDBE-4460-AFE9-25C510405F9D}.Debug|Any CPU.ActiveCfg = Debug|Any CPU
		{D5C4A512-DDBE-4460-AFE9-25C510405F9D}.Debug|Any CPU.Build.0 = Debug|Any CPU
		{D5C4A512-DDBE-4460-AFE9-25C510405F9D}.Release|Any CPU.ActiveCfg = Release|Any CPU
		{D5C4A512-DDBE-4460-AFE9-25C510405F9D}.Release|Any CPU.Build.0 = Release|Any CPU
	EndGlobalSection
	GlobalSection(SolutionProperties) = preSolution
		HideSolutionNode = FALSE
	EndGlobalSection
	GlobalSection(ExtensibilityGlobals) = postSolution
		SolutionGuid = {DEA35D12-F095-424A-8A50-6D7EBE08D917}
	EndGlobalSection
EndGlobal
